// !$*UTF8*$!
{
	archiveVersion = 1;
	classes = {
	};
	objectVersion = 55;
	objects = {

/* Begin PBXBuildFile section */
		6B31B0FB286B3B1F00B2E606 /* UIAlertAction+.swift in Sources */ = {isa = PBXBuildFile; fileRef = 6B31B0FA286B3B1F00B2E606 /* UIAlertAction+.swift */; };
		6B31B0FD286B3B3700B2E606 /* UIAlertController+.swift in Sources */ = {isa = PBXBuildFile; fileRef = 6B31B0FC286B3B3700B2E606 /* UIAlertController+.swift */; };
		6B47CD4D286583D600C0912F /* UIColor+.swift in Sources */ = {isa = PBXBuildFile; fileRef = 6B47CD4C286583D600C0912F /* UIColor+.swift */; };
		6B47CD5228658C2E00C0912F /* ItemTableViewCell.swift in Sources */ = {isa = PBXBuildFile; fileRef = 6B47CD5128658C2E00C0912F /* ItemTableViewCell.swift */; };
		6B47CD542865A27D00C0912F /* Network.swift in Sources */ = {isa = PBXBuildFile; fileRef = 6B47CD532865A27D00C0912F /* Network.swift */; };
		6B47CD562865A3F500C0912F /* HotelInfo.swift in Sources */ = {isa = PBXBuildFile; fileRef = 6B47CD552865A3F500C0912F /* HotelInfo.swift */; };
		6B47CD592865A9C100C0912F /* ItemTableViewCellStyle.swift in Sources */ = {isa = PBXBuildFile; fileRef = 6B47CD582865A9C100C0912F /* ItemTableViewCellStyle.swift */; };
		6B47CD5B2865ABB200C0912F /* ImageLoader.swift in Sources */ = {isa = PBXBuildFile; fileRef = 6B47CD5A2865ABB200C0912F /* ImageLoader.swift */; };
		6B47CD602865BECC00C0912F /* UserDefaultsManager.swift in Sources */ = {isa = PBXBuildFile; fileRef = 6B47CD5F2865BECC00C0912F /* UserDefaultsManager.swift */; };
		6B47CD622865C0C100C0912F /* Bookmark.swift in Sources */ = {isa = PBXBuildFile; fileRef = 6B47CD612865C0C100C0912F /* Bookmark.swift */; };
		6B47CD642865E54600C0912F /* Date+.swift in Sources */ = {isa = PBXBuildFile; fileRef = 6B47CD632865E54600C0912F /* Date+.swift */; };
		6B47CD67286616F100C0912F /* ItemTableViewCellDelegate.swift in Sources */ = {isa = PBXBuildFile; fileRef = 6B47CD66286616F100C0912F /* ItemTableViewCellDelegate.swift */; };
		6B47CD6A286622AF00C0912F /* SortType.swift in Sources */ = {isa = PBXBuildFile; fileRef = 6B47CD69286622AF00C0912F /* SortType.swift */; };
		6B47CD6C2866246100C0912F /* DetailViewController.swift in Sources */ = {isa = PBXBuildFile; fileRef = 6B47CD6B2866246100C0912F /* DetailViewController.swift */; };
		6B47CD6E286625CC00C0912F /* Icon.swift in Sources */ = {isa = PBXBuildFile; fileRef = 6B47CD6D286625CC00C0912F /* Icon.swift */; };
		6B52A4A12869EADF006B74D2 /* PagingIndicatorView.swift in Sources */ = {isa = PBXBuildFile; fileRef = 6B52A4A02869EADF006B74D2 /* PagingIndicatorView.swift */; };
		6B52A4A62869F1A3006B74D2 /* PagingIndicatorViewDelegate.swift in Sources */ = {isa = PBXBuildFile; fileRef = 6B52A4A52869F1A3006B74D2 /* PagingIndicatorViewDelegate.swift */; };
		6B9DA835286C8C3300C267C7 /* result4.gif in Resources */ = {isa = PBXBuildFile; fileRef = 6B9DA831286C8C3200C267C7 /* result4.gif */; };
		6B9DA836286C8C3300C267C7 /* result1.gif in Resources */ = {isa = PBXBuildFile; fileRef = 6B9DA832286C8C3200C267C7 /* result1.gif */; };
		6B9DA837286C8C3300C267C7 /* result2.gif in Resources */ = {isa = PBXBuildFile; fileRef = 6B9DA833286C8C3300C267C7 /* result2.gif */; };
		6B9DA838286C8C3300C267C7 /* result3.gif in Resources */ = {isa = PBXBuildFile; fileRef = 6B9DA834286C8C3300C267C7 /* result3.gif */; };
		6BA3D03528657DDD00A00532 /* AppDelegate.swift in Sources */ = {isa = PBXBuildFile; fileRef = 6BA3D03428657DDD00A00532 /* AppDelegate.swift */; };
		6BA3D03728657DDD00A00532 /* SceneDelegate.swift in Sources */ = {isa = PBXBuildFile; fileRef = 6BA3D03628657DDD00A00532 /* SceneDelegate.swift */; };
		6BA3D03928657DDD00A00532 /* TabBarController.swift in Sources */ = {isa = PBXBuildFile; fileRef = 6BA3D03828657DDD00A00532 /* TabBarController.swift */; };
		6BA3D03E28657DDF00A00532 /* Assets.xcassets in Resources */ = {isa = PBXBuildFile; fileRef = 6BA3D03D28657DDF00A00532 /* Assets.xcassets */; };
		6BA3D04128657DDF00A00532 /* LaunchScreen.storyboard in Resources */ = {isa = PBXBuildFile; fileRef = 6BA3D03F28657DDF00A00532 /* LaunchScreen.storyboard */; };
		6BA3D04A28657F1E00A00532 /* SnapKit in Frameworks */ = {isa = PBXBuildFile; productRef = 6BA3D04928657F1E00A00532 /* SnapKit */; };
		6BA3D04C28657F9B00A00532 /* TotalListViewController.swift in Sources */ = {isa = PBXBuildFile; fileRef = 6BA3D04B28657F9B00A00532 /* TotalListViewController.swift */; };
		6BA3D04E2865800300A00532 /* BookmarkViewController.swift in Sources */ = {isa = PBXBuildFile; fileRef = 6BA3D04D2865800300A00532 /* BookmarkViewController.swift */; };
		6BA3D0502865804A00A00532 /* TabBar.swift in Sources */ = {isa = PBXBuildFile; fileRef = 6BA3D04F2865804A00A00532 /* TabBar.swift */; };
/* End PBXBuildFile section */

/* Begin PBXFileReference section */
		6B31B0FA286B3B1F00B2E606 /* UIAlertAction+.swift */ = {isa = PBXFileReference; lastKnownFileType = sourcecode.swift; path = "UIAlertAction+.swift"; sourceTree = "<group>"; };
		6B31B0FC286B3B3700B2E606 /* UIAlertController+.swift */ = {isa = PBXFileReference; lastKnownFileType = sourcecode.swift; path = "UIAlertController+.swift"; sourceTree = "<group>"; };
		6B31B0FE286BC99E00B2E606 /* README.md */ = {isa = PBXFileReference; lastKnownFileType = net.daringfireball.markdown; path = README.md; sourceTree = "<group>"; };
		6B47CD4C286583D600C0912F /* UIColor+.swift */ = {isa = PBXFileReference; lastKnownFileType = sourcecode.swift; path = "UIColor+.swift"; sourceTree = "<group>"; };
		6B47CD5128658C2E00C0912F /* ItemTableViewCell.swift */ = {isa = PBXFileReference; lastKnownFileType = sourcecode.swift; path = ItemTableViewCell.swift; sourceTree = "<group>"; };
		6B47CD532865A27D00C0912F /* Network.swift */ = {isa = PBXFileReference; lastKnownFileType = sourcecode.swift; path = Network.swift; sourceTree = "<group>"; };
		6B47CD552865A3F500C0912F /* HotelInfo.swift */ = {isa = PBXFileReference; lastKnownFileType = sourcecode.swift; path = HotelInfo.swift; sourceTree = "<group>"; };
		6B47CD582865A9C100C0912F /* ItemTableViewCellStyle.swift */ = {isa = PBXFileReference; lastKnownFileType = sourcecode.swift; path = ItemTableViewCellStyle.swift; sourceTree = "<group>"; };
		6B47CD5A2865ABB200C0912F /* ImageLoader.swift */ = {isa = PBXFileReference; lastKnownFileType = sourcecode.swift; path = ImageLoader.swift; sourceTree = "<group>"; };
		6B47CD5F2865BECC00C0912F /* UserDefaultsManager.swift */ = {isa = PBXFileReference; lastKnownFileType = sourcecode.swift; path = UserDefaultsManager.swift; sourceTree = "<group>"; };
		6B47CD612865C0C100C0912F /* Bookmark.swift */ = {isa = PBXFileReference; lastKnownFileType = sourcecode.swift; path = Bookmark.swift; sourceTree = "<group>"; };
		6B47CD632865E54600C0912F /* Date+.swift */ = {isa = PBXFileReference; lastKnownFileType = sourcecode.swift; path = "Date+.swift"; sourceTree = "<group>"; };
		6B47CD66286616F100C0912F /* ItemTableViewCellDelegate.swift */ = {isa = PBXFileReference; lastKnownFileType = sourcecode.swift; path = ItemTableViewCellDelegate.swift; sourceTree = "<group>"; };
		6B47CD69286622AF00C0912F /* SortType.swift */ = {isa = PBXFileReference; lastKnownFileType = sourcecode.swift; path = SortType.swift; sourceTree = "<group>"; };
		6B47CD6B2866246100C0912F /* DetailViewController.swift */ = {isa = PBXFileReference; lastKnownFileType = sourcecode.swift; path = DetailViewController.swift; sourceTree = "<group>"; };
		6B47CD6D286625CC00C0912F /* Icon.swift */ = {isa = PBXFileReference; lastKnownFileType = sourcecode.swift; path = Icon.swift; sourceTree = "<group>"; };
		6B52A4A02869EADF006B74D2 /* PagingIndicatorView.swift */ = {isa = PBXFileReference; lastKnownFileType = sourcecode.swift; path = PagingIndicatorView.swift; sourceTree = "<group>"; };
		6B52A4A52869F1A3006B74D2 /* PagingIndicatorViewDelegate.swift */ = {isa = PBXFileReference; lastKnownFileType = sourcecode.swift; path = PagingIndicatorViewDelegate.swift; sourceTree = "<group>"; };
		6B9DA831286C8C3200C267C7 /* result4.gif */ = {isa = PBXFileReference; lastKnownFileType = image.gif; path = result4.gif; sourceTree = "<group>"; };
		6B9DA832286C8C3200C267C7 /* result1.gif */ = {isa = PBXFileReference; lastKnownFileType = image.gif; path = result1.gif; sourceTree = "<group>"; };
		6B9DA833286C8C3300C267C7 /* result2.gif */ = {isa = PBXFileReference; lastKnownFileType = image.gif; path = result2.gif; sourceTree = "<group>"; };
		6B9DA834286C8C3300C267C7 /* result3.gif */ = {isa = PBXFileReference; lastKnownFileType = image.gif; path = result3.gif; sourceTree = "<group>"; };
		6BA3D03128657DDD00A00532 /* Hotel.app */ = {isa = PBXFileReference; explicitFileType = wrapper.application; includeInIndex = 0; path = Hotel.app; sourceTree = BUILT_PRODUCTS_DIR; };
		6BA3D03428657DDD00A00532 /* AppDelegate.swift */ = {isa = PBXFileReference; lastKnownFileType = sourcecode.swift; path = AppDelegate.swift; sourceTree = "<group>"; };
		6BA3D03628657DDD00A00532 /* SceneDelegate.swift */ = {isa = PBXFileReference; lastKnownFileType = sourcecode.swift; path = SceneDelegate.swift; sourceTree = "<group>"; };
		6BA3D03828657DDD00A00532 /* TabBarController.swift */ = {isa = PBXFileReference; lastKnownFileType = sourcecode.swift; path = TabBarController.swift; sourceTree = "<group>"; };
		6BA3D03D28657DDF00A00532 /* Assets.xcassets */ = {isa = PBXFileReference; lastKnownFileType = folder.assetcatalog; path = Assets.xcassets; sourceTree = "<group>"; };
		6BA3D04028657DDF00A00532 /* Base */ = {isa = PBXFileReference; lastKnownFileType = file.storyboard; name = Base; path = Base.lproj/LaunchScreen.storyboard; sourceTree = "<group>"; };
		6BA3D04228657DDF00A00532 /* Info.plist */ = {isa = PBXFileReference; lastKnownFileType = text.plist.xml; path = Info.plist; sourceTree = "<group>"; };
		6BA3D04B28657F9B00A00532 /* TotalListViewController.swift */ = {isa = PBXFileReference; lastKnownFileType = sourcecode.swift; path = TotalListViewController.swift; sourceTree = "<group>"; };
		6BA3D04D2865800300A00532 /* BookmarkViewController.swift */ = {isa = PBXFileReference; lastKnownFileType = sourcecode.swift; path = BookmarkViewController.swift; sourceTree = "<group>"; };
		6BA3D04F2865804A00A00532 /* TabBar.swift */ = {isa = PBXFileReference; lastKnownFileType = sourcecode.swift; path = TabBar.swift; sourceTree = "<group>"; };
/* End PBXFileReference section */

/* Begin PBXFrameworksBuildPhase section */
		6BA3D02E28657DDD00A00532 /* Frameworks */ = {
			isa = PBXFrameworksBuildPhase;
			buildActionMask = 2147483647;
			files = (
				6BA3D04A28657F1E00A00532 /* SnapKit in Frameworks */,
			);
			runOnlyForDeploymentPostprocessing = 0;
		};
/* End PBXFrameworksBuildPhase section */

/* Begin PBXGroup section */
		6B47CD4E2865875800C0912F /* Presentation */ = {
			isa = PBXGroup;
			children = (
				6B52A4A22869F17E006B74D2 /* ViewController */,
				6B52A4A32869F191006B74D2 /* Cell */,
				6B52A4A42869F196006B74D2 /* View */,
			);
			path = Presentation;
			sourceTree = "<group>";
		};
		6B47CD4F2865876900C0912F /* Enum */ = {
			isa = PBXGroup;
			children = (
				6BA3D04F2865804A00A00532 /* TabBar.swift */,
				6B47CD582865A9C100C0912F /* ItemTableViewCellStyle.swift */,
				6B47CD69286622AF00C0912F /* SortType.swift */,
				6B47CD6D286625CC00C0912F /* Icon.swift */,
			);
			path = Enum;
			sourceTree = "<group>";
		};
		6B47CD502865877000C0912F /* Extension */ = {
			isa = PBXGroup;
			children = (
				6B47CD632865E54600C0912F /* Date+.swift */,
				6B47CD4C286583D600C0912F /* UIColor+.swift */,
				6B31B0FA286B3B1F00B2E606 /* UIAlertAction+.swift */,
				6B31B0FC286B3B3700B2E606 /* UIAlertController+.swift */,
			);
			path = Extension;
			sourceTree = "<group>";
		};
		6B47CD572865A45F00C0912F /* Model */ = {
			isa = PBXGroup;
			children = (
				6B47CD552865A3F500C0912F /* HotelInfo.swift */,
				6B47CD612865C0C100C0912F /* Bookmark.swift */,
			);
			path = Model;
			sourceTree = "<group>";
		};
		6B47CD5C2865AE3F00C0912F /* Network */ = {
			isa = PBXGroup;
			children = (
				6B47CD532865A27D00C0912F /* Network.swift */,
				6B47CD5A2865ABB200C0912F /* ImageLoader.swift */,
			);
			path = Network;
			sourceTree = "<group>";
		};
		6B47CD652865E62500C0912F /* Manager */ = {
			isa = PBXGroup;
			children = (
				6B47CD5F2865BECC00C0912F /* UserDefaultsManager.swift */,
			);
			path = Manager;
			sourceTree = "<group>";
		};
		6B47CD682866170200C0912F /* Protocol */ = {
			isa = PBXGroup;
			children = (
				6B47CD66286616F100C0912F /* ItemTableViewCellDelegate.swift */,
				6B52A4A52869F1A3006B74D2 /* PagingIndicatorViewDelegate.swift */,
			);
			path = Protocol;
			sourceTree = "<group>";
		};
		6B52A4A22869F17E006B74D2 /* ViewController */ = {
			isa = PBXGroup;
			children = (
				6BA3D03828657DDD00A00532 /* TabBarController.swift */,
				6BA3D04B28657F9B00A00532 /* TotalListViewController.swift */,
				6B47CD6B2866246100C0912F /* DetailViewController.swift */,
				6BA3D04D2865800300A00532 /* BookmarkViewController.swift */,
			);
			path = ViewController;
			sourceTree = "<group>";
		};
		6B52A4A32869F191006B74D2 /* Cell */ = {
			isa = PBXGroup;
			children = (
				6B47CD5128658C2E00C0912F /* ItemTableViewCell.swift */,
			);
			path = Cell;
			sourceTree = "<group>";
		};
		6B52A4A42869F196006B74D2 /* View */ = {
			isa = PBXGroup;
			children = (
				6B52A4A02869EADF006B74D2 /* PagingIndicatorView.swift */,
			);
			path = View;
			sourceTree = "<group>";
		};
		6B9DA830286C8C0300C267C7 /* Result */ = {
			isa = PBXGroup;
			children = (
				6B9DA832286C8C3200C267C7 /* result1.gif */,
				6B9DA833286C8C3300C267C7 /* result2.gif */,
				6B9DA834286C8C3300C267C7 /* result3.gif */,
				6B9DA831286C8C3200C267C7 /* result4.gif */,
			);
			path = Result;
			sourceTree = "<group>";
		};
		6BA3D02828657DDD00A00532 = {
			isa = PBXGroup;
			children = (
				6B31B0FE286BC99E00B2E606 /* README.md */,
				6B9DA830286C8C0300C267C7 /* Result */,
				6BA3D03328657DDD00A00532 /* Hotel */,
				6BA3D03228657DDD00A00532 /* Products */,
			);
			sourceTree = "<group>";
		};
		6BA3D03228657DDD00A00532 /* Products */ = {
			isa = PBXGroup;
			children = (
				6BA3D03128657DDD00A00532 /* Hotel.app */,
			);
			name = Products;
			sourceTree = "<group>";
		};
		6BA3D03328657DDD00A00532 /* Hotel */ = {
			isa = PBXGroup;
			children = (
				6BA3D03428657DDD00A00532 /* AppDelegate.swift */,
				6BA3D03628657DDD00A00532 /* SceneDelegate.swift */,
				6B47CD682866170200C0912F /* Protocol */,
				6B47CD652865E62500C0912F /* Manager */,
				6B47CD5C2865AE3F00C0912F /* Network */,
				6B47CD572865A45F00C0912F /* Model */,
				6B47CD4E2865875800C0912F /* Presentation */,
				6B47CD4F2865876900C0912F /* Enum */,
				6B47CD502865877000C0912F /* Extension */,
				6BA3D03D28657DDF00A00532 /* Assets.xcassets */,
				6BA3D03F28657DDF00A00532 /* LaunchScreen.storyboard */,
				6BA3D04228657DDF00A00532 /* Info.plist */,
			);
			path = Hotel;
			sourceTree = "<group>";
		};
/* End PBXGroup section */

/* Begin PBXNativeTarget section */
		6BA3D03028657DDD00A00532 /* Hotel */ = {
			isa = PBXNativeTarget;
			buildConfigurationList = 6BA3D04528657DDF00A00532 /* Build configuration list for PBXNativeTarget "Hotel" */;
			buildPhases = (
				6BA3D02D28657DDD00A00532 /* Sources */,
				6BA3D02E28657DDD00A00532 /* Frameworks */,
				6BA3D02F28657DDD00A00532 /* Resources */,
			);
			buildRules = (
			);
			dependencies = (
			);
			name = Hotel;
			packageProductDependencies = (
				6BA3D04928657F1E00A00532 /* SnapKit */,
			);
			productName = Hotel;
			productReference = 6BA3D03128657DDD00A00532 /* Hotel.app */;
			productType = "com.apple.product-type.application";
		};
/* End PBXNativeTarget section */

/* Begin PBXProject section */
		6BA3D02928657DDD00A00532 /* Project object */ = {
			isa = PBXProject;
			attributes = {
				BuildIndependentTargetsInParallel = 1;
				LastSwiftUpdateCheck = 1330;
				LastUpgradeCheck = 1330;
				TargetAttributes = {
					6BA3D03028657DDD00A00532 = {
						CreatedOnToolsVersion = 13.3;
					};
				};
			};
			buildConfigurationList = 6BA3D02C28657DDD00A00532 /* Build configuration list for PBXProject "Hotel" */;
			compatibilityVersion = "Xcode 13.0";
			developmentRegion = en;
			hasScannedForEncodings = 0;
			knownRegions = (
				en,
				Base,
			);
			mainGroup = 6BA3D02828657DDD00A00532;
			packageReferences = (
				6BA3D04828657F1E00A00532 /* XCRemoteSwiftPackageReference "SnapKit" */,
			);
			productRefGroup = 6BA3D03228657DDD00A00532 /* Products */;
			projectDirPath = "";
			projectRoot = "";
			targets = (
				6BA3D03028657DDD00A00532 /* Hotel */,
			);
		};
/* End PBXProject section */

/* Begin PBXResourcesBuildPhase section */
		6BA3D02F28657DDD00A00532 /* Resources */ = {
			isa = PBXResourcesBuildPhase;
			buildActionMask = 2147483647;
			files = (
				6B9DA837286C8C3300C267C7 /* result2.gif in Resources */,
				6BA3D04128657DDF00A00532 /* LaunchScreen.storyboard in Resources */,
				6B9DA835286C8C3300C267C7 /* result4.gif in Resources */,
				6B9DA836286C8C3300C267C7 /* result1.gif in Resources */,
				6BA3D03E28657DDF00A00532 /* Assets.xcassets in Resources */,
				6B9DA838286C8C3300C267C7 /* result3.gif in Resources */,
			);
			runOnlyForDeploymentPostprocessing = 0;
		};
/* End PBXResourcesBuildPhase section */

/* Begin PBXSourcesBuildPhase section */
		6BA3D02D28657DDD00A00532 /* Sources */ = {
			isa = PBXSourcesBuildPhase;
			buildActionMask = 2147483647;
			files = (
				6BA3D03928657DDD00A00532 /* TabBarController.swift in Sources */,
				6BA3D03528657DDD00A00532 /* AppDelegate.swift in Sources */,
				6B47CD5B2865ABB200C0912F /* ImageLoader.swift in Sources */,
				6B52A4A62869F1A3006B74D2 /* PagingIndicatorViewDelegate.swift in Sources */,
				6B47CD602865BECC00C0912F /* UserDefaultsManager.swift in Sources */,
				6B47CD6A286622AF00C0912F /* SortType.swift in Sources */,
				6B47CD592865A9C100C0912F /* ItemTableViewCellStyle.swift in Sources */,
				6B52A4A12869EADF006B74D2 /* PagingIndicatorView.swift in Sources */,
				6B47CD622865C0C100C0912F /* Bookmark.swift in Sources */,
				6B31B0FD286B3B3700B2E606 /* UIAlertController+.swift in Sources */,
				6BA3D03728657DDD00A00532 /* SceneDelegate.swift in Sources */,
				6B31B0FB286B3B1F00B2E606 /* UIAlertAction+.swift in Sources */,
				6B47CD67286616F100C0912F /* ItemTableViewCellDelegate.swift in Sources */,
				6B47CD6E286625CC00C0912F /* Icon.swift in Sources */,
				6B47CD6C2866246100C0912F /* DetailViewController.swift in Sources */,
				6BA3D0502865804A00A00532 /* TabBar.swift in Sources */,
				6B47CD5228658C2E00C0912F /* ItemTableViewCell.swift in Sources */,
				6B47CD562865A3F500C0912F /* HotelInfo.swift in Sources */,
				6B47CD542865A27D00C0912F /* Network.swift in Sources */,
				6BA3D04C28657F9B00A00532 /* TotalListViewController.swift in Sources */,
				6B47CD642865E54600C0912F /* Date+.swift in Sources */,
				6BA3D04E2865800300A00532 /* BookmarkViewController.swift in Sources */,
				6B47CD4D286583D600C0912F /* UIColor+.swift in Sources */,
			);
			runOnlyForDeploymentPostprocessing = 0;
		};
/* End PBXSourcesBuildPhase section */

/* Begin PBXVariantGroup section */
		6BA3D03F28657DDF00A00532 /* LaunchScreen.storyboard */ = {
			isa = PBXVariantGroup;
			children = (
				6BA3D04028657DDF00A00532 /* Base */,
			);
			name = LaunchScreen.storyboard;
			sourceTree = "<group>";
		};
/* End PBXVariantGroup section */

/* Begin XCBuildConfiguration section */
		6BA3D04328657DDF00A00532 /* Debug */ = {
			isa = XCBuildConfiguration;
			buildSettings = {
				ALWAYS_SEARCH_USER_PATHS = NO;
				CLANG_ANALYZER_NONNULL = YES;
				CLANG_ANALYZER_NUMBER_OBJECT_CONVERSION = YES_AGGRESSIVE;
				CLANG_CXX_LANGUAGE_STANDARD = "gnu++17";
				CLANG_ENABLE_MODULES = YES;
				CLANG_ENABLE_OBJC_ARC = YES;
				CLANG_ENABLE_OBJC_WEAK = YES;
				CLANG_WARN_BLOCK_CAPTURE_AUTORELEASING = YES;
				CLANG_WARN_BOOL_CONVERSION = YES;
				CLANG_WARN_COMMA = YES;
				CLANG_WARN_CONSTANT_CONVERSION = YES;
				CLANG_WARN_DEPRECATED_OBJC_IMPLEMENTATIONS = YES;
				CLANG_WARN_DIRECT_OBJC_ISA_USAGE = YES_ERROR;
				CLANG_WARN_DOCUMENTATION_COMMENTS = YES;
				CLANG_WARN_EMPTY_BODY = YES;
				CLANG_WARN_ENUM_CONVERSION = YES;
				CLANG_WARN_INFINITE_RECURSION = YES;
				CLANG_WARN_INT_CONVERSION = YES;
				CLANG_WARN_NON_LITERAL_NULL_CONVERSION = YES;
				CLANG_WARN_OBJC_IMPLICIT_RETAIN_SELF = YES;
				CLANG_WARN_OBJC_LITERAL_CONVERSION = YES;
				CLANG_WARN_OBJC_ROOT_CLASS = YES_ERROR;
				CLANG_WARN_QUOTED_INCLUDE_IN_FRAMEWORK_HEADER = YES;
				CLANG_WARN_RANGE_LOOP_ANALYSIS = YES;
				CLANG_WARN_STRICT_PROTOTYPES = YES;
				CLANG_WARN_SUSPICIOUS_MOVE = YES;
				CLANG_WARN_UNGUARDED_AVAILABILITY = YES_AGGRESSIVE;
				CLANG_WARN_UNREACHABLE_CODE = YES;
				CLANG_WARN__DUPLICATE_METHOD_MATCH = YES;
				COPY_PHASE_STRIP = NO;
				DEBUG_INFORMATION_FORMAT = dwarf;
				ENABLE_STRICT_OBJC_MSGSEND = YES;
				ENABLE_TESTABILITY = YES;
				GCC_C_LANGUAGE_STANDARD = gnu11;
				GCC_DYNAMIC_NO_PIC = NO;
				GCC_NO_COMMON_BLOCKS = YES;
				GCC_OPTIMIZATION_LEVEL = 0;
				GCC_PREPROCESSOR_DEFINITIONS = (
					"DEBUG=1",
					"$(inherited)",
				);
				GCC_WARN_64_TO_32_BIT_CONVERSION = YES;
				GCC_WARN_ABOUT_RETURN_TYPE = YES_ERROR;
				GCC_WARN_UNDECLARED_SELECTOR = YES;
				GCC_WARN_UNINITIALIZED_AUTOS = YES_AGGRESSIVE;
				GCC_WARN_UNUSED_FUNCTION = YES;
				GCC_WARN_UNUSED_VARIABLE = YES;
				IPHONEOS_DEPLOYMENT_TARGET = 15.4;
				MTL_ENABLE_DEBUG_INFO = INCLUDE_SOURCE;
				MTL_FAST_MATH = YES;
				ONLY_ACTIVE_ARCH = YES;
				SDKROOT = iphoneos;
				SWIFT_ACTIVE_COMPILATION_CONDITIONS = DEBUG;
				SWIFT_OPTIMIZATION_LEVEL = "-Onone";
			};
			name = Debug;
		};
		6BA3D04428657DDF00A00532 /* Release */ = {
			isa = XCBuildConfiguration;
			buildSettings = {
				ALWAYS_SEARCH_USER_PATHS = NO;
				CLANG_ANALYZER_NONNULL = YES;
				CLANG_ANALYZER_NUMBER_OBJECT_CONVERSION = YES_AGGRESSIVE;
				CLANG_CXX_LANGUAGE_STANDARD = "gnu++17";
				CLANG_ENABLE_MODULES = YES;
				CLANG_ENABLE_OBJC_ARC = YES;
				CLANG_ENABLE_OBJC_WEAK = YES;
				CLANG_WARN_BLOCK_CAPTURE_AUTORELEASING = YES;
				CLANG_WARN_BOOL_CONVERSION = YES;
				CLANG_WARN_COMMA = YES;
				CLANG_WARN_CONSTANT_CONVERSION = YES;
				CLANG_WARN_DEPRECATED_OBJC_IMPLEMENTATIONS = YES;
				CLANG_WARN_DIRECT_OBJC_ISA_USAGE = YES_ERROR;
				CLANG_WARN_DOCUMENTATION_COMMENTS = YES;
				CLANG_WARN_EMPTY_BODY = YES;
				CLANG_WARN_ENUM_CONVERSION = YES;
				CLANG_WARN_INFINITE_RECURSION = YES;
				CLANG_WARN_INT_CONVERSION = YES;
				CLANG_WARN_NON_LITERAL_NULL_CONVERSION = YES;
				CLANG_WARN_OBJC_IMPLICIT_RETAIN_SELF = YES;
				CLANG_WARN_OBJC_LITERAL_CONVERSION = YES;
				CLANG_WARN_OBJC_ROOT_CLASS = YES_ERROR;
				CLANG_WARN_QUOTED_INCLUDE_IN_FRAMEWORK_HEADER = YES;
				CLANG_WARN_RANGE_LOOP_ANALYSIS = YES;
				CLANG_WARN_STRICT_PROTOTYPES = YES;
				CLANG_WARN_SUSPICIOUS_MOVE = YES;
				CLANG_WARN_UNGUARDED_AVAILABILITY = YES_AGGRESSIVE;
				CLANG_WARN_UNREACHABLE_CODE = YES;
				CLANG_WARN__DUPLICATE_METHOD_MATCH = YES;
				COPY_PHASE_STRIP = NO;
				DEBUG_INFORMATION_FORMAT = "dwarf-with-dsym";
				ENABLE_NS_ASSERTIONS = NO;
				ENABLE_STRICT_OBJC_MSGSEND = YES;
				GCC_C_LANGUAGE_STANDARD = gnu11;
				GCC_NO_COMMON_BLOCKS = YES;
				GCC_WARN_64_TO_32_BIT_CONVERSION = YES;
				GCC_WARN_ABOUT_RETURN_TYPE = YES_ERROR;
				GCC_WARN_UNDECLARED_SELECTOR = YES;
				GCC_WARN_UNINITIALIZED_AUTOS = YES_AGGRESSIVE;
				GCC_WARN_UNUSED_FUNCTION = YES;
				GCC_WARN_UNUSED_VARIABLE = YES;
				IPHONEOS_DEPLOYMENT_TARGET = 15.4;
				MTL_ENABLE_DEBUG_INFO = NO;
				MTL_FAST_MATH = YES;
				SDKROOT = iphoneos;
				SWIFT_COMPILATION_MODE = wholemodule;
				SWIFT_OPTIMIZATION_LEVEL = "-O";
				VALIDATE_PRODUCT = YES;
			};
			name = Release;
		};
		6BA3D04628657DDF00A00532 /* Debug */ = {
			isa = XCBuildConfiguration;
			buildSettings = {
				ASSETCATALOG_COMPILER_APPICON_NAME = AppIcon;
				ASSETCATALOG_COMPILER_GLOBAL_ACCENT_COLOR_NAME = AccentColor;
				CODE_SIGN_STYLE = Automatic;
				CURRENT_PROJECT_VERSION = 1;
				DEVELOPMENT_TEAM = TB9WF4459Q;
				GENERATE_INFOPLIST_FILE = YES;
				INFOPLIST_FILE = Hotel/Info.plist;
				INFOPLIST_KEY_UIApplicationSupportsIndirectInputEvents = YES;
				INFOPLIST_KEY_UILaunchStoryboardName = LaunchScreen;
				INFOPLIST_KEY_UISupportedInterfaceOrientations = "";
				INFOPLIST_KEY_UISupportedInterfaceOrientations_iPad = "UIInterfaceOrientationPortrait UIInterfaceOrientationPortraitUpsideDown UIInterfaceOrientationLandscapeLeft UIInterfaceOrientationLandscapeRight";
				INFOPLIST_KEY_UISupportedInterfaceOrientations_iPhone = "UIInterfaceOrientationPortrait UIInterfaceOrientationLandscapeLeft UIInterfaceOrientationLandscapeRight";
				LD_RUNPATH_SEARCH_PATHS = (
					"$(inherited)",
					"@executable_path/Frameworks",
				);
				MARKETING_VERSION = 1.0;
				PRODUCT_BUNDLE_IDENTIFIER = cobugi.Hotel;
				PRODUCT_NAME = "$(TARGET_NAME)";
				SWIFT_EMIT_LOC_STRINGS = YES;
				SWIFT_VERSION = 5.0;
				TARGETED_DEVICE_FAMILY = 1;
			};
			name = Debug;
		};
		6BA3D04728657DDF00A00532 /* Release */ = {
			isa = XCBuildConfiguration;
			buildSettings = {
				ASSETCATALOG_COMPILER_APPICON_NAME = AppIcon;
				ASSETCATALOG_COMPILER_GLOBAL_ACCENT_COLOR_NAME = AccentColor;
				CODE_SIGN_STYLE = Automatic;
				CURRENT_PROJECT_VERSION = 1;
				DEVELOPMENT_TEAM = TB9WF4459Q;
				GENERATE_INFOPLIST_FILE = YES;
				INFOPLIST_FILE = Hotel/Info.plist;
				INFOPLIST_KEY_UIApplicationSupportsIndirectInputEvents = YES;
				INFOPLIST_KEY_UILaunchStoryboardName = LaunchScreen;
				INFOPLIST_KEY_UISupportedInterfaceOrientations = "";
				INFOPLIST_KEY_UISupportedInterfaceOrientations_iPad = "UIInterfaceOrientationPortrait UIInterfaceOrientationPortraitUpsideDown UIInterfaceOrientationLandscapeLeft UIInterfaceOrientationLandscapeRight";
				INFOPLIST_KEY_UISupportedInterfaceOrientations_iPhone = "UIInterfaceOrientationPortrait UIInterfaceOrientationLandscapeLeft UIInterfaceOrientationLandscapeRight";
				LD_RUNPATH_SEARCH_PATHS = (
					"$(inherited)",
					"@executable_path/Frameworks",
				);
				MARKETING_VERSION = 1.0;
				PRODUCT_BUNDLE_IDENTIFIER = cobugi.Hotel;
				PRODUCT_NAME = "$(TARGET_NAME)";
				SWIFT_EMIT_LOC_STRINGS = YES;
				SWIFT_VERSION = 5.0;
				TARGETED_DEVICE_FAMILY = 1;
			};
			name = Release;
		};
/* End XCBuildConfiguration section */

/* Begin XCConfigurationList section */
		6BA3D02C28657DDD00A00532 /* Build configuration list for PBXProject "Hotel" */ = {
			isa = XCConfigurationList;
			buildConfigurations = (
				6BA3D04328657DDF00A00532 /* Debug */,
				6BA3D04428657DDF00A00532 /* Release */,
			);
			defaultConfigurationIsVisible = 0;
			defaultConfigurationName = Release;
		};
		6BA3D04528657DDF00A00532 /* Build configuration list for PBXNativeTarget "Hotel" */ = {
			isa = XCConfigurationList;
			buildConfigurations = (
				6BA3D04628657DDF00A00532 /* Debug */,
				6BA3D04728657DDF00A00532 /* Release */,
			);
			defaultConfigurationIsVisible = 0;
			defaultConfigurationName = Release;
		};
/* End XCConfigurationList section */

/* Begin XCRemoteSwiftPackageReference section */
		6BA3D04828657F1E00A00532 /* XCRemoteSwiftPackageReference "SnapKit" */ = {
			isa = XCRemoteSwiftPackageReference;
			repositoryURL = "https://github.com/SnapKit/SnapKit.git";
			requirement = {
				kind = upToNextMajorVersion;
				minimumVersion = 5.0.0;
			};
		};
/* End XCRemoteSwiftPackageReference section */

/* Begin XCSwiftPackageProductDependency section */
		6BA3D04928657F1E00A00532 /* SnapKit */ = {
			isa = XCSwiftPackageProductDependency;
			package = 6BA3D04828657F1E00A00532 /* XCRemoteSwiftPackageReference "SnapKit" */;
			productName = SnapKit;
		};
/* End XCSwiftPackageProductDependency section */
	};
	rootObject = 6BA3D02928657DDD00A00532 /* Project object */;
}
